
Microsoft Visual Studio Solution File, Format Version 12.00
# Visual Studio Version 16
VisualStudioVersion = 16.0.31624.102
MinimumVisualStudioVersion = 10.0.40219.1
Project("{FAE04EC0-301F-11D3-BF4B-00C04F79EFBC}") = "P01ZadanieNapisy", "P01ZadanieNapisy\P01ZadanieNapisy.csproj", "{FB77C592-7B83-4785-B2DD-C1DC84B2446A}"
EndProject
Project("{FAE04EC0-301F-11D3-BF4B-00C04F79EFBC}") = "P02Listy", "P02Listy\P02Listy.csproj", "{251BE970-400A-43E8-897A-A090D313B404}"
EndProject
Project("{FAE04EC0-301F-11D3-BF4B-00C04F79EFBC}") = "P03ZadanieListy", "P03ZadanieListy\P03ZadanieListy.csproj", "{57136119-E5DC-4072-A75C-4C5D5D2BE590}"
EndProject
Project("{FAE04EC0-301F-11D3-BF4B-00C04F79EFBC}") = "P04ZadanieZawodnicy", "P04ZadanieZawodnicy\P04ZadanieZawodnicy.csproj", "{29EE4381-54D8-4E38-BDAA-A12C2EE9A1F7}"
EndProject
Project("{FAE04EC0-301F-11D3-BF4B-00C04F79EFBC}") = "P05ZadaniePogoda", "P05ZadaniePogoda\P05ZadaniePogoda.csproj", "{5A5E0B1B-CC56-4607-9E9B-2588F13C2558}"
EndProject
Project("{FAE04EC0-301F-11D3-BF4B-00C04F79EFBC}") = "P06TabliceWieloWymiarowe", "P06TabliceWieloWymiarowe\P06TabliceWieloWymiarowe.csproj", "{5BA5D25B-FAF1-404D-9E2A-23719BFFB8C9}"
EndProject
Project("{FAE04EC0-301F-11D3-BF4B-00C04F79EFBC}") = "P07TabliceTablic", "P07TabliceTablic\P07TabliceTablic.csproj", "{3793C151-A78B-47C9-9B04-FFD121C8E052}"
EndProject
Project("{FAE04EC0-301F-11D3-BF4B-00C04F79EFBC}") = "P08ZadanieTabliceWieloWymiarowe", "P08ZadanieTabliceWieloWymiarowe\P08ZadanieTabliceWieloWymiarowe.csproj", "{C955E122-2DB1-41B9-834D-FE91F31EBF6F}"
EndProject
Project("{FAE04EC0-301F-11D3-BF4B-00C04F79EFBC}") = "P09ZadanieTabliceTablic", "P09ZadanieTabliceTablic\P09ZadanieTabliceTablic.csproj", "{E0AB7466-7FF0-4AFA-A34A-BC1AB0138137}"
EndProject
Global
	GlobalSection(SolutionConfigurationPlatforms) = preSolution
		Debug|Any CPU = Debug|Any CPU
		Release|Any CPU = Release|Any CPU
	EndGlobalSection
	GlobalSection(ProjectConfigurationPlatforms) = postSolution
		{FB77C592-7B83-4785-B2DD-C1DC84B2446A}.Debug|Any CPU.ActiveCfg = Debug|Any CPU
		{FB77C592-7B83-4785-B2DD-C1DC84B2446A}.Debug|Any CPU.Build.0 = Debug|Any CPU
		{FB77C592-7B83-4785-B2DD-C1DC84B2446A}.Release|Any CPU.ActiveCfg = Release|Any CPU
		{FB77C592-7B83-4785-B2DD-C1DC84B2446A}.Release|Any CPU.Build.0 = Release|Any CPU
		{251BE970-400A-43E8-897A-A090D313B404}.Debug|Any CPU.ActiveCfg = Debug|Any CPU
		{251BE970-400A-43E8-897A-A090D313B404}.Debug|Any CPU.Build.0 = Debug|Any CPU
		{251BE970-400A-43E8-897A-A090D313B404}.Release|Any CPU.ActiveCfg = Release|Any CPU
		{251BE970-400A-43E8-897A-A090D313B404}.Release|Any CPU.Build.0 = Release|Any CPU
		{57136119-E5DC-4072-A75C-4C5D5D2BE590}.Debug|Any CPU.ActiveCfg = Debug|Any CPU
		{57136119-E5DC-4072-A75C-4C5D5D2BE590}.Debug|Any CPU.Build.0 = Debug|Any CPU
		{57136119-E5DC-4072-A75C-4C5D5D2BE590}.Release|Any CPU.ActiveCfg = Release|Any CPU
		{57136119-E5DC-4072-A75C-4C5D5D2BE590}.Release|Any CPU.Build.0 = Release|Any CPU
		{29EE4381-54D8-4E38-BDAA-A12C2EE9A1F7}.Debug|Any CPU.ActiveCfg = Debug|Any CPU
		{29EE4381-54D8-4E38-BDAA-A12C2EE9A1F7}.Debug|Any CPU.Build.0 = Debug|Any CPU
		{29EE4381-54D8-4E38-BDAA-A12C2EE9A1F7}.Release|Any CPU.ActiveCfg = Release|Any CPU
		{29EE4381-54D8-4E38-BDAA-A12C2EE9A1F7}.Release|Any CPU.Build.0 = Release|Any CPU
		{5A5E0B1B-CC56-4607-9E9B-2588F13C2558}.Debug|Any CPU.ActiveCfg = Debug|Any CPU
		{5A5E0B1B-CC56-4607-9E9B-2588F13C2558}.Debug|Any CPU.Build.0 = Debug|Any CPU
		{5A5E0B1B-CC56-4607-9E9B-2588F13C2558}.Release|Any CPU.ActiveCfg = Release|Any CPU
		{5A5E0B1B-CC56-4607-9E9B-2588F13C2558}.Release|Any CPU.Build.0 = Release|Any CPU
		{5BA5D25B-FAF1-404D-9E2A-23719BFFB8C9}.Debug|Any CPU.ActiveCfg = Debug|Any CPU
		{5BA5D25B-FAF1-404D-9E2A-23719BFFB8C9}.Debug|Any CPU.Build.0 = Debug|Any CPU
		{5BA5D25B-FAF1-404D-9E2A-23719BFFB8C9}.Release|Any CPU.ActiveCfg = Release|Any CPU
		{5BA5D25B-FAF1-404D-9E2A-23719BFFB8C9}.Release|Any CPU.Build.0 = Release|Any CPU
		{3793C151-A78B-47C9-9B04-FFD121C8E052}.Debug|Any CPU.ActiveCfg = Debug|Any CPU
		{3793C151-A78B-47C9-9B04-FFD121C8E052}.Debug|Any CPU.Build.0 = Debug|Any CPU
		{3793C151-A78B-47C9-9B04-FFD121C8E052}.Release|Any CPU.ActiveCfg = Release|Any CPU
		{3793C151-A78B-47C9-9B04-FFD121C8E052}.Release|Any CPU.Build.0 = Release|Any CPU
		{C955E122-2DB1-41B9-834D-FE91F31EBF6F}.Debug|Any CPU.ActiveCfg = Debug|Any CPU
		{C955E122-2DB1-41B9-834D-FE91F31EBF6F}.Debug|Any CPU.Build.0 = Debug|Any CPU
		{C955E122-2DB1-41B9-834D-FE91F31EBF6F}.Release|Any CPU.ActiveCfg = Release|Any CPU
		{C955E122-2DB1-41B9-834D-FE91F31EBF6F}.Release|Any CPU.Build.0 = Release|Any CPU
		{E0AB7466-7FF0-4AFA-A34A-BC1AB0138137}.Debug|Any CPU.ActiveCfg = Debug|Any CPU
		{E0AB7466-7FF0-4AFA-A34A-BC1AB0138137}.Debug|Any CPU.Build.0 = Debug|Any CPU
		{E0AB7466-7FF0-4AFA-A34A-BC1AB0138137}.Release|Any CPU.ActiveCfg = Release|Any CPU
		{E0AB7466-7FF0-4AFA-A34A-BC1AB0138137}.Release|Any CPU.Build.0 = Release|Any CPU
	EndGlobalSection
	GlobalSection(SolutionProperties) = preSolution
		HideSolutionNode = FALSE
	EndGlobalSection
	GlobalSection(ExtensibilityGlobals) = postSolution
		SolutionGuid = {0AB4904F-53E1-4471-86FB-28C41B894396}
	EndGlobalSection
EndGlobal
